
Microsoft Visual Studio Solution File, Format Version 12.00
# Visual Studio Version 17
VisualStudioVersion = 17.0.31903.59
MinimumVisualStudioVersion = 10.0.40219.1
Project("{2150E333-8FDC-42A3-9474-1A3956D46DE8}") = "Router", "Router", "{6439B7AC-6EDD-4BEE-8470-05ADC1522386}"
EndProject
Project("{FAE04EC0-301F-11D3-BF4B-00C04F79EFBC}") = "Router.Domain", "Router.Domain\Router.Domain.csproj", "{1F250803-1875-4864-A154-51F0C193E06A}"
EndProject
Project("{FAE04EC0-301F-11D3-BF4B-00C04F79EFBC}") = "Router.Contracts", "Router.Contracts\Router.Contracts.csproj", "{A6C10323-D098-4867-95BA-BD1D4266345E}"
EndProject
Global
	GlobalSection(SolutionConfigurationPlatforms) = preSolution
		Debug|Any CPU = Debug|Any CPU
		Release|Any CPU = Release|Any CPU
	EndGlobalSection
	GlobalSection(ProjectConfigurationPlatforms) = postSolution
		{1F250803-1875-4864-A154-51F0C193E06A}.Debug|Any CPU.ActiveCfg = Debug|Any CPU
		{1F250803-1875-4864-A154-51F0C193E06A}.Debug|Any CPU.Build.0 = Debug|Any CPU
		{1F250803-1875-4864-A154-51F0C193E06A}.Release|Any CPU.ActiveCfg = Release|Any CPU
		{1F250803-1875-4864-A154-51F0C193E06A}.Release|Any CPU.Build.0 = Release|Any CPU
		{A6C10323-D098-4867-95BA-BD1D4266345E}.Debug|Any CPU.ActiveCfg = Debug|Any CPU
		{A6C10323-D098-4867-95BA-BD1D4266345E}.Debug|Any CPU.Build.0 = Debug|Any CPU
		{A6C10323-D098-4867-95BA-BD1D4266345E}.Release|Any CPU.ActiveCfg = Release|Any CPU
		{A6C10323-D098-4867-95BA-BD1D4266345E}.Release|Any CPU.Build.0 = Release|Any CPU
	EndGlobalSection
	GlobalSection(SolutionProperties) = preSolution
		HideSolutionNode = FALSE
	EndGlobalSection
EndGlobal
